
Microsoft Visual Studio Solution File, Format Version 12.00
# Visual Studio Version 17
VisualStudioVersion = 17.7.34024.191
MinimumVisualStudioVersion = 10.0.40219.1
Project("{9A19103F-16F7-4668-BE54-9A1E7A4F7556}") = "swingvy", "swingvy\swingvy.csproj", "{3D8B8C79-66C4-4B91-AB0F-1BCCC1E54B0A}"
EndProject
Project("{FAE04EC0-301F-11D3-BF4B-00C04F79EFBC}") = "TestProjectXunit", "TestProjectXunit\TestProjectXunit.csproj", "{C2BD28A7-C529-4C9B-BA11-A5092000535E}"
EndProject
Global
	GlobalSection(SolutionConfigurationPlatforms) = preSolution
		Debug|Any CPU = Debug|Any CPU
		Release|Any CPU = Release|Any CPU
	EndGlobalSection
	GlobalSection(ProjectConfigurationPlatforms) = postSolution
		{3D8B8C79-66C4-4B91-AB0F-1BCCC1E54B0A}.Debug|Any CPU.ActiveCfg = Debug|Any CPU
		{3D8B8C79-66C4-4B91-AB0F-1BCCC1E54B0A}.Debug|Any CPU.Build.0 = Debug|Any CPU
		{3D8B8C79-66C4-4B91-AB0F-1BCCC1E54B0A}.Release|Any CPU.ActiveCfg = Release|Any CPU
		{3D8B8C79-66C4-4B91-AB0F-1BCCC1E54B0A}.Release|Any CPU.Build.0 = Release|Any CPU
		{C2BD28A7-C529-4C9B-BA11-A5092000535E}.Debug|Any CPU.ActiveCfg = Debug|Any CPU
		{C2BD28A7-C529-4C9B-BA11-A5092000535E}.Debug|Any CPU.Build.0 = Debug|Any CPU
		{C2BD28A7-C529-4C9B-BA11-A5092000535E}.Release|Any CPU.ActiveCfg = Release|Any CPU
		{C2BD28A7-C529-4C9B-BA11-A5092000535E}.Release|Any CPU.Build.0 = Release|Any CPU
	EndGlobalSection
	GlobalSection(SolutionProperties) = preSolution
		HideSolutionNode = FALSE
	EndGlobalSection
	GlobalSection(ExtensibilityGlobals) = postSolution
		SolutionGuid = {2E744398-B75D-4060-87A0-3C4AF5452FD1}
	EndGlobalSection
EndGlobal
